
Microsoft Visual Studio Solution File, Format Version 12.00
# Visual Studio Version 16
VisualStudioVersion = 16.0.29806.167
MinimumVisualStudioVersion = 10.0.40219.1
Project("{9A19103F-16F7-4668-BE54-9A1E7A4F7556}") = "OefeningDebugging1", "OefeningDebugging1\OefeningDebugging1.csproj", "{3575D235-5D75-4994-8B32-7D04401750B2}"
EndProject
Project("{9A19103F-16F7-4668-BE54-9A1E7A4F7556}") = "OefeningDebugging2", "OefeningDebugging2\OefeningDebugging2.csproj", "{3E12FE3A-F34E-4716-A05C-700C67A95B84}"
EndProject
Project("{9A19103F-16F7-4668-BE54-9A1E7A4F7556}") = "OefeningDebugging3", "OefeningDebugging3\OefeningDebugging3.csproj", "{673EC30A-D71D-4E52-83B1-1BE1B3685584}"
EndProject
Project("{9A19103F-16F7-4668-BE54-9A1E7A4F7556}") = "VoorbeeldDebugging1", "VoorbeeldDebugging1\VoorbeeldDebugging1.csproj", "{61CE5311-4323-45AA-B037-87D383B98B91}"
EndProject
Project("{9A19103F-16F7-4668-BE54-9A1E7A4F7556}") = "VoorbeeldDebugging2", "VoorbeeldDebugging2\VoorbeeldDebugging2.csproj", "{B02FCF96-6048-4B91-B95F-BC810B3DD808}"
EndProject
Project("{9A19103F-16F7-4668-BE54-9A1E7A4F7556}") = "VoorbeeldDebugging3", "VoorbeeldDebugging3\VoorbeeldDebugging3.csproj", "{0976CA39-CD44-4AAD-A361-7CF8817BA78A}"
EndProject
Project("{9A19103F-16F7-4668-BE54-9A1E7A4F7556}") = "VoorbeeldDebugging4", "VoorbeeldDebugging4\VoorbeeldDebugging4.csproj", "{A198E3A9-94EB-4E56-9A37-7E359AD9A9BE}"
EndProject
Project("{9A19103F-16F7-4668-BE54-9A1E7A4F7556}") = "OefeningDebugging4", "OefeningDebugging4\OefeningDebugging4.csproj", "{E51A9D63-9ED0-4923-9FFF-D695467C0A56}"
EndProject
Global
	GlobalSection(SolutionConfigurationPlatforms) = preSolution
		Debug|Any CPU = Debug|Any CPU
		Release|Any CPU = Release|Any CPU
	EndGlobalSection
	GlobalSection(ProjectConfigurationPlatforms) = postSolution
		{3575D235-5D75-4994-8B32-7D04401750B2}.Debug|Any CPU.ActiveCfg = Debug|Any CPU
		{3575D235-5D75-4994-8B32-7D04401750B2}.Debug|Any CPU.Build.0 = Debug|Any CPU
		{3575D235-5D75-4994-8B32-7D04401750B2}.Release|Any CPU.ActiveCfg = Release|Any CPU
		{3575D235-5D75-4994-8B32-7D04401750B2}.Release|Any CPU.Build.0 = Release|Any CPU
		{3E12FE3A-F34E-4716-A05C-700C67A95B84}.Debug|Any CPU.ActiveCfg = Debug|Any CPU
		{3E12FE3A-F34E-4716-A05C-700C67A95B84}.Debug|Any CPU.Build.0 = Debug|Any CPU
		{3E12FE3A-F34E-4716-A05C-700C67A95B84}.Release|Any CPU.ActiveCfg = Release|Any CPU
		{3E12FE3A-F34E-4716-A05C-700C67A95B84}.Release|Any CPU.Build.0 = Release|Any CPU
		{673EC30A-D71D-4E52-83B1-1BE1B3685584}.Debug|Any CPU.ActiveCfg = Debug|Any CPU
		{673EC30A-D71D-4E52-83B1-1BE1B3685584}.Debug|Any CPU.Build.0 = Debug|Any CPU
		{673EC30A-D71D-4E52-83B1-1BE1B3685584}.Release|Any CPU.ActiveCfg = Release|Any CPU
		{673EC30A-D71D-4E52-83B1-1BE1B3685584}.Release|Any CPU.Build.0 = Release|Any CPU
		{61CE5311-4323-45AA-B037-87D383B98B91}.Debug|Any CPU.ActiveCfg = Debug|Any CPU
		{61CE5311-4323-45AA-B037-87D383B98B91}.Debug|Any CPU.Build.0 = Debug|Any CPU
		{61CE5311-4323-45AA-B037-87D383B98B91}.Release|Any CPU.ActiveCfg = Release|Any CPU
		{61CE5311-4323-45AA-B037-87D383B98B91}.Release|Any CPU.Build.0 = Release|Any CPU
		{B02FCF96-6048-4B91-B95F-BC810B3DD808}.Debug|Any CPU.ActiveCfg = Debug|Any CPU
		{B02FCF96-6048-4B91-B95F-BC810B3DD808}.Debug|Any CPU.Build.0 = Debug|Any CPU
		{B02FCF96-6048-4B91-B95F-BC810B3DD808}.Release|Any CPU.ActiveCfg = Release|Any CPU
		{B02FCF96-6048-4B91-B95F-BC810B3DD808}.Release|Any CPU.Build.0 = Release|Any CPU
		{0976CA39-CD44-4AAD-A361-7CF8817BA78A}.Debug|Any CPU.ActiveCfg = Debug|Any CPU
		{0976CA39-CD44-4AAD-A361-7CF8817BA78A}.Debug|Any CPU.Build.0 = Debug|Any CPU
		{0976CA39-CD44-4AAD-A361-7CF8817BA78A}.Release|Any CPU.ActiveCfg = Release|Any CPU
		{0976CA39-CD44-4AAD-A361-7CF8817BA78A}.Release|Any CPU.Build.0 = Release|Any CPU
		{A198E3A9-94EB-4E56-9A37-7E359AD9A9BE}.Debug|Any CPU.ActiveCfg = Debug|Any CPU
		{A198E3A9-94EB-4E56-9A37-7E359AD9A9BE}.Debug|Any CPU.Build.0 = Debug|Any CPU
		{A198E3A9-94EB-4E56-9A37-7E359AD9A9BE}.Release|Any CPU.ActiveCfg = Release|Any CPU
		{A198E3A9-94EB-4E56-9A37-7E359AD9A9BE}.Release|Any CPU.Build.0 = Release|Any CPU
		{E51A9D63-9ED0-4923-9FFF-D695467C0A56}.Debug|Any CPU.ActiveCfg = Debug|Any CPU
		{E51A9D63-9ED0-4923-9FFF-D695467C0A56}.Debug|Any CPU.Build.0 = Debug|Any CPU
		{E51A9D63-9ED0-4923-9FFF-D695467C0A56}.Release|Any CPU.ActiveCfg = Release|Any CPU
		{E51A9D63-9ED0-4923-9FFF-D695467C0A56}.Release|Any CPU.Build.0 = Release|Any CPU
	EndGlobalSection
	GlobalSection(SolutionProperties) = preSolution
		HideSolutionNode = FALSE
	EndGlobalSection
	GlobalSection(ExtensibilityGlobals) = postSolution
		SolutionGuid = {FB7AC86C-4E9B-4BB6-8FE0-522BC0E68774}
	EndGlobalSection
EndGlobal
