
Microsoft Visual Studio Solution File, Format Version 12.00
# Visual Studio Version 16
VisualStudioVersion = 16.0.30611.23
MinimumVisualStudioVersion = 10.0.40219.1
Project("{9A19103F-16F7-4668-BE54-9A1E7A4F7556}") = "FizzBuzz", "FizzBuzz\FizzBuzz.csproj", "{53FF491F-72AF-41A3-B1CB-7DDC4E1CD230}"
EndProject
Project("{9A19103F-16F7-4668-BE54-9A1E7A4F7556}") = "FizzBuzz.Library", "FizzBuzz.Library\FizzBuzz.Library.csproj", "{FC896D50-B877-4350-B46E-AD090FEE4386}"
EndProject
Project("{FAE04EC0-301F-11D3-BF4B-00C04F79EFBC}") = "FizzBuzz.Library.Tests", "FizzBuzz.Library.Tests\FizzBuzz.Library.Tests.csproj", "{1A8C6B35-BFD4-480D-BC36-A1DF2DEF7CB2}"
EndProject
Global
	GlobalSection(SolutionConfigurationPlatforms) = preSolution
		Debug|Any CPU = Debug|Any CPU
		Release|Any CPU = Release|Any CPU
	EndGlobalSection
	GlobalSection(ProjectConfigurationPlatforms) = postSolution
		{53FF491F-72AF-41A3-B1CB-7DDC4E1CD230}.Debug|Any CPU.ActiveCfg = Debug|Any CPU
		{53FF491F-72AF-41A3-B1CB-7DDC4E1CD230}.Debug|Any CPU.Build.0 = Debug|Any CPU
		{53FF491F-72AF-41A3-B1CB-7DDC4E1CD230}.Release|Any CPU.ActiveCfg = Release|Any CPU
		{53FF491F-72AF-41A3-B1CB-7DDC4E1CD230}.Release|Any CPU.Build.0 = Release|Any CPU
		{FC896D50-B877-4350-B46E-AD090FEE4386}.Debug|Any CPU.ActiveCfg = Debug|Any CPU
		{FC896D50-B877-4350-B46E-AD090FEE4386}.Debug|Any CPU.Build.0 = Debug|Any CPU
		{FC896D50-B877-4350-B46E-AD090FEE4386}.Release|Any CPU.ActiveCfg = Release|Any CPU
		{FC896D50-B877-4350-B46E-AD090FEE4386}.Release|Any CPU.Build.0 = Release|Any CPU
		{1A8C6B35-BFD4-480D-BC36-A1DF2DEF7CB2}.Debug|Any CPU.ActiveCfg = Debug|Any CPU
		{1A8C6B35-BFD4-480D-BC36-A1DF2DEF7CB2}.Debug|Any CPU.Build.0 = Debug|Any CPU
		{1A8C6B35-BFD4-480D-BC36-A1DF2DEF7CB2}.Release|Any CPU.ActiveCfg = Release|Any CPU
		{1A8C6B35-BFD4-480D-BC36-A1DF2DEF7CB2}.Release|Any CPU.Build.0 = Release|Any CPU
	EndGlobalSection
	GlobalSection(SolutionProperties) = preSolution
		HideSolutionNode = FALSE
	EndGlobalSection
	GlobalSection(ExtensibilityGlobals) = postSolution
		SolutionGuid = {5343B02A-BE43-4C92-84C3-FE05CB272CA7}
	EndGlobalSection
EndGlobal
